
Microsoft Visual Studio Solution File, Format Version 12.00
# Visual Studio Version 17
VisualStudioVersion = 17.4.33205.214
MinimumVisualStudioVersion = 10.0.40219.1
Project("{FAE04EC0-301F-11D3-BF4B-00C04F79EFBC}") = "HackerRank3MonthsPrepration", "HackerRank3MonthsPrepration\HackerRank3MonthsPrepration.csproj", "{5C71185F-30C6-4712-A689-1F8AA3AB667A}"
EndProject
Global
	GlobalSection(SolutionConfigurationPlatforms) = preSolution
		Debug|Any CPU = Debug|Any CPU
		Release|Any CPU = Release|Any CPU
	EndGlobalSection
	GlobalSection(ProjectConfigurationPlatforms) = postSolution
		{5C71185F-30C6-4712-A689-1F8AA3AB667A}.Debug|Any CPU.ActiveCfg = Debug|Any CPU
		{5C71185F-30C6-4712-A689-1F8AA3AB667A}.Debug|Any CPU.Build.0 = Debug|Any CPU
		{5C71185F-30C6-4712-A689-1F8AA3AB667A}.Release|Any CPU.ActiveCfg = Release|Any CPU
		{5C71185F-30C6-4712-A689-1F8AA3AB667A}.Release|Any CPU.Build.0 = Release|Any CPU
	EndGlobalSection
	GlobalSection(SolutionProperties) = preSolution
		HideSolutionNode = FALSE
	EndGlobalSection
	GlobalSection(ExtensibilityGlobals) = postSolution
		SolutionGuid = {320B2000-1498-4E1B-BF98-537924404AAB}
	EndGlobalSection
EndGlobal
